// !$*UTF8*$!
{
	archiveVersion = 1;
	classes = {
	};
	objectVersion = 50;
	objects = {

/* Begin PBXBuildFile section */
		841EB95924985503005FE9E1 /* AppDelegate.swift in Sources */ = {isa = PBXBuildFile; fileRef = 841EB95824985503005FE9E1 /* AppDelegate.swift */; };
		841EB95B24985503005FE9E1 /* SceneDelegate.swift in Sources */ = {isa = PBXBuildFile; fileRef = 841EB95A24985503005FE9E1 /* SceneDelegate.swift */; };
		841EB95D24985503005FE9E1 /* ViewController.swift in Sources */ = {isa = PBXBuildFile; fileRef = 841EB95C24985503005FE9E1 /* ViewController.swift */; };
		841EB96024985503005FE9E1 /* Main.storyboard in Resources */ = {isa = PBXBuildFile; fileRef = 841EB95E24985503005FE9E1 /* Main.storyboard */; };
		841EB96224985508005FE9E1 /* Assets.xcassets in Resources */ = {isa = PBXBuildFile; fileRef = 841EB96124985508005FE9E1 /* Assets.xcassets */; };
		841EB96524985508005FE9E1 /* LaunchScreen.storyboard in Resources */ = {isa = PBXBuildFile; fileRef = 841EB96324985508005FE9E1 /* LaunchScreen.storyboard */; };
		841EB97024985508005FE9E1 /* youtube_onedaybuildTests.swift in Sources */ = {isa = PBXBuildFile; fileRef = 841EB96F24985508005FE9E1 /* youtube_onedaybuildTests.swift */; };
		841EB97B24985508005FE9E1 /* youtube_onedaybuildUITests.swift in Sources */ = {isa = PBXBuildFile; fileRef = 841EB97A24985508005FE9E1 /* youtube_onedaybuildUITests.swift */; };
		841EB989249867C3005FE9E1 /* Constants.swift in Sources */ = {isa = PBXBuildFile; fileRef = 841EB988249867C3005FE9E1 /* Constants.swift */; };
		841EB98B24986A0B005FE9E1 /* Video.swift in Sources */ = {isa = PBXBuildFile; fileRef = 841EB98A24986A0B005FE9E1 /* Video.swift */; };
		841EB98D24986A4C005FE9E1 /* Model.swift in Sources */ = {isa = PBXBuildFile; fileRef = 841EB98C24986A4C005FE9E1 /* Model.swift */; };
		845EFBB324989FC800A09B67 /* Response.swift in Sources */ = {isa = PBXBuildFile; fileRef = 845EFBB224989FC800A09B67 /* Response.swift */; };
/* End PBXBuildFile section */

/* Begin PBXContainerItemProxy section */
		841EB96C24985508005FE9E1 /* PBXContainerItemProxy */ = {
			isa = PBXContainerItemProxy;
			containerPortal = 841EB94D24985503005FE9E1 /* Project object */;
			proxyType = 1;
			remoteGlobalIDString = 841EB95424985503005FE9E1;
			remoteInfo = "youtube-onedaybuild";
		};
		841EB97724985508005FE9E1 /* PBXContainerItemProxy */ = {
			isa = PBXContainerItemProxy;
			containerPortal = 841EB94D24985503005FE9E1 /* Project object */;
			proxyType = 1;
			remoteGlobalIDString = 841EB95424985503005FE9E1;
			remoteInfo = "youtube-onedaybuild";
		};
/* End PBXContainerItemProxy section */

/* Begin PBXFileReference section */
		841EB95524985503005FE9E1 /* youtube-onedaybuild.app */ = {isa = PBXFileReference; explicitFileType = wrapper.application; includeInIndex = 0; path = "youtube-onedaybuild.app"; sourceTree = BUILT_PRODUCTS_DIR; };
		841EB95824985503005FE9E1 /* AppDelegate.swift */ = {isa = PBXFileReference; lastKnownFileType = sourcecode.swift; path = AppDelegate.swift; sourceTree = "<group>"; };
		841EB95A24985503005FE9E1 /* SceneDelegate.swift */ = {isa = PBXFileReference; lastKnownFileType = sourcecode.swift; path = SceneDelegate.swift; sourceTree = "<group>"; };
		841EB95C24985503005FE9E1 /* ViewController.swift */ = {isa = PBXFileReference; lastKnownFileType = sourcecode.swift; path = ViewController.swift; sourceTree = "<group>"; };
		841EB95F24985503005FE9E1 /* Base */ = {isa = PBXFileReference; lastKnownFileType = file.storyboard; name = Base; path = Base.lproj/Main.storyboard; sourceTree = "<group>"; };
		841EB96124985508005FE9E1 /* Assets.xcassets */ = {isa = PBXFileReference; lastKnownFileType = folder.assetcatalog; path = Assets.xcassets; sourceTree = "<group>"; };
		841EB96424985508005FE9E1 /* Base */ = {isa = PBXFileReference; lastKnownFileType = file.storyboard; name = Base; path = Base.lproj/LaunchScreen.storyboard; sourceTree = "<group>"; };
		841EB96624985508005FE9E1 /* Info.plist */ = {isa = PBXFileReference; lastKnownFileType = text.plist.xml; path = Info.plist; sourceTree = "<group>"; };
		841EB96B24985508005FE9E1 /* youtube-onedaybuildTests.xctest */ = {isa = PBXFileReference; explicitFileType = wrapper.cfbundle; includeInIndex = 0; path = "youtube-onedaybuildTests.xctest"; sourceTree = BUILT_PRODUCTS_DIR; };
		841EB96F24985508005FE9E1 /* youtube_onedaybuildTests.swift */ = {isa = PBXFileReference; lastKnownFileType = sourcecode.swift; path = youtube_onedaybuildTests.swift; sourceTree = "<group>"; };
		841EB97124985508005FE9E1 /* Info.plist */ = {isa = PBXFileReference; lastKnownFileType = text.plist.xml; path = Info.plist; sourceTree = "<group>"; };
		841EB97624985508005FE9E1 /* youtube-onedaybuildUITests.xctest */ = {isa = PBXFileReference; explicitFileType = wrapper.cfbundle; includeInIndex = 0; path = "youtube-onedaybuildUITests.xctest"; sourceTree = BUILT_PRODUCTS_DIR; };
		841EB97A24985508005FE9E1 /* youtube_onedaybuildUITests.swift */ = {isa = PBXFileReference; lastKnownFileType = sourcecode.swift; path = youtube_onedaybuildUITests.swift; sourceTree = "<group>"; };
		841EB97C24985508005FE9E1 /* Info.plist */ = {isa = PBXFileReference; lastKnownFileType = text.plist.xml; path = Info.plist; sourceTree = "<group>"; };
		841EB988249867C3005FE9E1 /* Constants.swift */ = {isa = PBXFileReference; lastKnownFileType = sourcecode.swift; path = Constants.swift; sourceTree = "<group>"; };
		841EB98A24986A0B005FE9E1 /* Video.swift */ = {isa = PBXFileReference; lastKnownFileType = sourcecode.swift; path = Video.swift; sourceTree = "<group>"; };
		841EB98C24986A4C005FE9E1 /* Model.swift */ = {isa = PBXFileReference; lastKnownFileType = sourcecode.swift; path = Model.swift; sourceTree = "<group>"; };
		845EFBB224989FC800A09B67 /* Response.swift */ = {isa = PBXFileReference; lastKnownFileType = sourcecode.swift; path = Response.swift; sourceTree = "<group>"; };
/* End PBXFileReference section */

/* Begin PBXFrameworksBuildPhase section */
		841EB95224985503005FE9E1 /* Frameworks */ = {
			isa = PBXFrameworksBuildPhase;
			buildActionMask = 2147483647;
			files = (
			);
			runOnlyForDeploymentPostprocessing = 0;
		};
		841EB96824985508005FE9E1 /* Frameworks */ = {
			isa = PBXFrameworksBuildPhase;
			buildActionMask = 2147483647;
			files = (
			);
			runOnlyForDeploymentPostprocessing = 0;
		};
		841EB97324985508005FE9E1 /* Frameworks */ = {
			isa = PBXFrameworksBuildPhase;
			buildActionMask = 2147483647;
			files = (
			);
			runOnlyForDeploymentPostprocessing = 0;
		};
/* End PBXFrameworksBuildPhase section */

/* Begin PBXGroup section */
		841EB94C24985503005FE9E1 = {
			isa = PBXGroup;
			children = (
				841EB95724985503005FE9E1 /* youtube-onedaybuild */,
				841EB96E24985508005FE9E1 /* youtube-onedaybuildTests */,
				841EB97924985508005FE9E1 /* youtube-onedaybuildUITests */,
				841EB95624985503005FE9E1 /* Products */,
			);
			sourceTree = "<group>";
		};
		841EB95624985503005FE9E1 /* Products */ = {
			isa = PBXGroup;
			children = (
				841EB95524985503005FE9E1 /* youtube-onedaybuild.app */,
				841EB96B24985508005FE9E1 /* youtube-onedaybuildTests.xctest */,
				841EB97624985508005FE9E1 /* youtube-onedaybuildUITests.xctest */,
			);
			name = Products;
			sourceTree = "<group>";
		};
		841EB95724985503005FE9E1 /* youtube-onedaybuild */ = {
			isa = PBXGroup;
			children = (
				841EB95824985503005FE9E1 /* AppDelegate.swift */,
				841EB95A24985503005FE9E1 /* SceneDelegate.swift */,
				841EB95C24985503005FE9E1 /* ViewController.swift */,
				841EB988249867C3005FE9E1 /* Constants.swift */,
				841EB98A24986A0B005FE9E1 /* Video.swift */,
				841EB98C24986A4C005FE9E1 /* Model.swift */,
				845EFBB224989FC800A09B67 /* Response.swift */,
				841EB95E24985503005FE9E1 /* Main.storyboard */,
				841EB96124985508005FE9E1 /* Assets.xcassets */,
				841EB96324985508005FE9E1 /* LaunchScreen.storyboard */,
				841EB96624985508005FE9E1 /* Info.plist */,
			);
			path = "youtube-onedaybuild";
			sourceTree = "<group>";
		};
		841EB96E24985508005FE9E1 /* youtube-onedaybuildTests */ = {
			isa = PBXGroup;
			children = (
				841EB96F24985508005FE9E1 /* youtube_onedaybuildTests.swift */,
				841EB97124985508005FE9E1 /* Info.plist */,
			);
			path = "youtube-onedaybuildTests";
			sourceTree = "<group>";
		};
		841EB97924985508005FE9E1 /* youtube-onedaybuildUITests */ = {
			isa = PBXGroup;
			children = (
				841EB97A24985508005FE9E1 /* youtube_onedaybuildUITests.swift */,
				841EB97C24985508005FE9E1 /* Info.plist */,
			);
			path = "youtube-onedaybuildUITests";
			sourceTree = "<group>";
		};
/* End PBXGroup section */

/* Begin PBXNativeTarget section */
		841EB95424985503005FE9E1 /* youtube-onedaybuild */ = {
			isa = PBXNativeTarget;
			buildConfigurationList = 841EB97F24985508005FE9E1 /* Build configuration list for PBXNativeTarget "youtube-onedaybuild" */;
			buildPhases = (
				841EB95124985503005FE9E1 /* Sources */,
				841EB95224985503005FE9E1 /* Frameworks */,
				841EB95324985503005FE9E1 /* Resources */,
			);
			buildRules = (
			);
			dependencies = (
			);
			name = "youtube-onedaybuild";
			productName = "youtube-onedaybuild";
			productReference = 841EB95524985503005FE9E1 /* youtube-onedaybuild.app */;
			productType = "com.apple.product-type.application";
		};
		841EB96A24985508005FE9E1 /* youtube-onedaybuildTests */ = {
			isa = PBXNativeTarget;
			buildConfigurationList = 841EB98224985508005FE9E1 /* Build configuration list for PBXNativeTarget "youtube-onedaybuildTests" */;
			buildPhases = (
				841EB96724985508005FE9E1 /* Sources */,
				841EB96824985508005FE9E1 /* Frameworks */,
				841EB96924985508005FE9E1 /* Resources */,
			);
			buildRules = (
			);
			dependencies = (
				841EB96D24985508005FE9E1 /* PBXTargetDependency */,
			);
			name = "youtube-onedaybuildTests";
			productName = "youtube-onedaybuildTests";
			productReference = 841EB96B24985508005FE9E1 /* youtube-onedaybuildTests.xctest */;
			productType = "com.apple.product-type.bundle.unit-test";
		};
		841EB97524985508005FE9E1 /* youtube-onedaybuildUITests */ = {
			isa = PBXNativeTarget;
			buildConfigurationList = 841EB98524985508005FE9E1 /* Build configuration list for PBXNativeTarget "youtube-onedaybuildUITests" */;
			buildPhases = (
				841EB97224985508005FE9E1 /* Sources */,
				841EB97324985508005FE9E1 /* Frameworks */,
				841EB97424985508005FE9E1 /* Resources */,
			);
			buildRules = (
			);
			dependencies = (
				841EB97824985508005FE9E1 /* PBXTargetDependency */,
			);
			name = "youtube-onedaybuildUITests";
			productName = "youtube-onedaybuildUITests";
			productReference = 841EB97624985508005FE9E1 /* youtube-onedaybuildUITests.xctest */;
			productType = "com.apple.product-type.bundle.ui-testing";
		};
/* End PBXNativeTarget section */

/* Begin PBXProject section */
		841EB94D24985503005FE9E1 /* Project object */ = {
			isa = PBXProject;
			attributes = {
				LastSwiftUpdateCheck = 1150;
				LastUpgradeCheck = 1150;
				ORGANIZATIONNAME = "Min zhang";
				TargetAttributes = {
					841EB95424985503005FE9E1 = {
						CreatedOnToolsVersion = 11.5;
					};
					841EB96A24985508005FE9E1 = {
						CreatedOnToolsVersion = 11.5;
						TestTargetID = 841EB95424985503005FE9E1;
					};
					841EB97524985508005FE9E1 = {
						CreatedOnToolsVersion = 11.5;
						TestTargetID = 841EB95424985503005FE9E1;
					};
				};
			};
			buildConfigurationList = 841EB95024985503005FE9E1 /* Build configuration list for PBXProject "youtube-onedaybuild" */;
			compatibilityVersion = "Xcode 9.3";
			developmentRegion = en;
			hasScannedForEncodings = 0;
			knownRegions = (
				en,
				Base,
			);
			mainGroup = 841EB94C24985503005FE9E1;
			productRefGroup = 841EB95624985503005FE9E1 /* Products */;
			projectDirPath = "";
			projectRoot = "";
			targets = (
				841EB95424985503005FE9E1 /* youtube-onedaybuild */,
				841EB96A24985508005FE9E1 /* youtube-onedaybuildTests */,
				841EB97524985508005FE9E1 /* youtube-onedaybuildUITests */,
			);
		};
/* End PBXProject section */

/* Begin PBXResourcesBuildPhase section */
		841EB95324985503005FE9E1 /* Resources */ = {
			isa = PBXResourcesBuildPhase;
			buildActionMask = 2147483647;
			files = (
				841EB96524985508005FE9E1 /* LaunchScreen.storyboard in Resources */,
				841EB96224985508005FE9E1 /* Assets.xcassets in Resources */,
				841EB96024985503005FE9E1 /* Main.storyboard in Resources */,
			);
			runOnlyForDeploymentPostprocessing = 0;
		};
		841EB96924985508005FE9E1 /* Resources */ = {
			isa = PBXResourcesBuildPhase;
			buildActionMask = 2147483647;
			files = (
			);
			runOnlyForDeploymentPostprocessing = 0;
		};
		841EB97424985508005FE9E1 /* Resources */ = {
			isa = PBXResourcesBuildPhase;
			buildActionMask = 2147483647;
			files = (
			);
			runOnlyForDeploymentPostprocessing = 0;
		};
/* End PBXResourcesBuildPhase section */

/* Begin PBXSourcesBuildPhase section */
		841EB95124985503005FE9E1 /* Sources */ = {
			isa = PBXSourcesBuildPhase;
			buildActionMask = 2147483647;
			files = (
				841EB95D24985503005FE9E1 /* ViewController.swift in Sources */,
				841EB95924985503005FE9E1 /* AppDelegate.swift in Sources */,
				841EB95B24985503005FE9E1 /* SceneDelegate.swift in Sources */,
				841EB98D24986A4C005FE9E1 /* Model.swift in Sources */,
				841EB989249867C3005FE9E1 /* Constants.swift in Sources */,
				841EB98B24986A0B005FE9E1 /* Video.swift in Sources */,
				845EFBB324989FC800A09B67 /* Response.swift in Sources */,
			);
			runOnlyForDeploymentPostprocessing = 0;
		};
		841EB96724985508005FE9E1 /* Sources */ = {
			isa = PBXSourcesBuildPhase;
			buildActionMask = 2147483647;
			files = (
				841EB97024985508005FE9E1 /* youtube_onedaybuildTests.swift in Sources */,
			);
			runOnlyForDeploymentPostprocessing = 0;
		};
		841EB97224985508005FE9E1 /* Sources */ = {
			isa = PBXSourcesBuildPhase;
			buildActionMask = 2147483647;
			files = (
				841EB97B24985508005FE9E1 /* youtube_onedaybuildUITests.swift in Sources */,
			);
			runOnlyForDeploymentPostprocessing = 0;
		};
/* End PBXSourcesBuildPhase section */

/* Begin PBXTargetDependency section */
		841EB96D24985508005FE9E1 /* PBXTargetDependency */ = {
			isa = PBXTargetDependency;
			target = 841EB95424985503005FE9E1 /* youtube-onedaybuild */;
			targetProxy = 841EB96C24985508005FE9E1 /* PBXContainerItemProxy */;
		};
		841EB97824985508005FE9E1 /* PBXTargetDependency */ = {
			isa = PBXTargetDependency;
			target = 841EB95424985503005FE9E1 /* youtube-onedaybuild */;
			targetProxy = 841EB97724985508005FE9E1 /* PBXContainerItemProxy */;
		};
/* End PBXTargetDependency section */

/* Begin PBXVariantGroup section */
		841EB95E24985503005FE9E1 /* Main.storyboard */ = {
			isa = PBXVariantGroup;
			children = (
				841EB95F24985503005FE9E1 /* Base */,
			);
			name = Main.storyboard;
			sourceTree = "<group>";
		};
		841EB96324985508005FE9E1 /* LaunchScreen.storyboard */ = {
			isa = PBXVariantGroup;
			children = (
				841EB96424985508005FE9E1 /* Base */,
			);
			name = LaunchScreen.storyboard;
			sourceTree = "<group>";
		};
/* End PBXVariantGroup section */

/* Begin XCBuildConfiguration section */
		841EB97D24985508005FE9E1 /* Debug */ = {
			isa = XCBuildConfiguration;
			buildSettings = {
				ALWAYS_SEARCH_USER_PATHS = NO;
				CLANG_ANALYZER_NONNULL = YES;
				CLANG_ANALYZER_NUMBER_OBJECT_CONVERSION = YES_AGGRESSIVE;
				CLANG_CXX_LANGUAGE_STANDARD = "gnu++14";
				CLANG_CXX_LIBRARY = "libc++";
				CLANG_ENABLE_MODULES = YES;
				CLANG_ENABLE_OBJC_ARC = YES;
				CLANG_ENABLE_OBJC_WEAK = YES;
				CLANG_WARN_BLOCK_CAPTURE_AUTORELEASING = YES;
				CLANG_WARN_BOOL_CONVERSION = YES;
				CLANG_WARN_COMMA = YES;
				CLANG_WARN_CONSTANT_CONVERSION = YES;
				CLANG_WARN_DEPRECATED_OBJC_IMPLEMENTATIONS = YES;
				CLANG_WARN_DIRECT_OBJC_ISA_USAGE = YES_ERROR;
				CLANG_WARN_DOCUMENTATION_COMMENTS = YES;
				CLANG_WARN_EMPTY_BODY = YES;
				CLANG_WARN_ENUM_CONVERSION = YES;
				CLANG_WARN_INFINITE_RECURSION = YES;
				CLANG_WARN_INT_CONVERSION = YES;
				CLANG_WARN_NON_LITERAL_NULL_CONVERSION = YES;
				CLANG_WARN_OBJC_IMPLICIT_RETAIN_SELF = YES;
				CLANG_WARN_OBJC_LITERAL_CONVERSION = YES;
				CLANG_WARN_OBJC_ROOT_CLASS = YES_ERROR;
				CLANG_WARN_RANGE_LOOP_ANALYSIS = YES;
				CLANG_WARN_STRICT_PROTOTYPES = YES;
				CLANG_WARN_SUSPICIOUS_MOVE = YES;
				CLANG_WARN_UNGUARDED_AVAILABILITY = YES_AGGRESSIVE;
				CLANG_WARN_UNREACHABLE_CODE = YES;
				CLANG_WARN__DUPLICATE_METHOD_MATCH = YES;
				COPY_PHASE_STRIP = NO;
				DEBUG_INFORMATION_FORMAT = dwarf;
				ENABLE_STRICT_OBJC_MSGSEND = YES;
				ENABLE_TESTABILITY = YES;
				GCC_C_LANGUAGE_STANDARD = gnu11;
				GCC_DYNAMIC_NO_PIC = NO;
				GCC_NO_COMMON_BLOCKS = YES;
				GCC_OPTIMIZATION_LEVEL = 0;
				GCC_PREPROCESSOR_DEFINITIONS = (
					"DEBUG=1",
					"$(inherited)",
				);
				GCC_WARN_64_TO_32_BIT_CONVERSION = YES;
				GCC_WARN_ABOUT_RETURN_TYPE = YES_ERROR;
				GCC_WARN_UNDECLARED_SELECTOR = YES;
				GCC_WARN_UNINITIALIZED_AUTOS = YES_AGGRESSIVE;
				GCC_WARN_UNUSED_FUNCTION = YES;
				GCC_WARN_UNUSED_VARIABLE = YES;
				IPHONEOS_DEPLOYMENT_TARGET = 13.5;
				MTL_ENABLE_DEBUG_INFO = INCLUDE_SOURCE;
				MTL_FAST_MATH = YES;
				ONLY_ACTIVE_ARCH = YES;
				SDKROOT = iphoneos;
				SWIFT_ACTIVE_COMPILATION_CONDITIONS = DEBUG;
				SWIFT_OPTIMIZATION_LEVEL = "-Onone";
			};
			name = Debug;
		};
		841EB97E24985508005FE9E1 /* Release */ = {
			isa = XCBuildConfiguration;
			buildSettings = {
				ALWAYS_SEARCH_USER_PATHS = NO;
				CLANG_ANALYZER_NONNULL = YES;
				CLANG_ANALYZER_NUMBER_OBJECT_CONVERSION = YES_AGGRESSIVE;
				CLANG_CXX_LANGUAGE_STANDARD = "gnu++14";
				CLANG_CXX_LIBRARY = "libc++";
				CLANG_ENABLE_MODULES = YES;
				CLANG_ENABLE_OBJC_ARC = YES;
				CLANG_ENABLE_OBJC_WEAK = YES;
				CLANG_WARN_BLOCK_CAPTURE_AUTORELEASING = YES;
				CLANG_WARN_BOOL_CONVERSION = YES;
				CLANG_WARN_COMMA = YES;
				CLANG_WARN_CONSTANT_CONVERSION = YES;
				CLANG_WARN_DEPRECATED_OBJC_IMPLEMENTATIONS = YES;
				CLANG_WARN_DIRECT_OBJC_ISA_USAGE = YES_ERROR;
				CLANG_WARN_DOCUMENTATION_COMMENTS = YES;
				CLANG_WARN_EMPTY_BODY = YES;
				CLANG_WARN_ENUM_CONVERSION = YES;
				CLANG_WARN_INFINITE_RECURSION = YES;
				CLANG_WARN_INT_CONVERSION = YES;
				CLANG_WARN_NON_LITERAL_NULL_CONVERSION = YES;
				CLANG_WARN_OBJC_IMPLICIT_RETAIN_SELF = YES;
				CLANG_WARN_OBJC_LITERAL_CONVERSION = YES;
				CLANG_WARN_OBJC_ROOT_CLASS = YES_ERROR;
				CLANG_WARN_RANGE_LOOP_ANALYSIS = YES;
				CLANG_WARN_STRICT_PROTOTYPES = YES;
				CLANG_WARN_SUSPICIOUS_MOVE = YES;
				CLANG_WARN_UNGUARDED_AVAILABILITY = YES_AGGRESSIVE;
				CLANG_WARN_UNREACHABLE_CODE = YES;
				CLANG_WARN__DUPLICATE_METHOD_MATCH = YES;
				COPY_PHASE_STRIP = NO;
				DEBUG_INFORMATION_FORMAT = "dwarf-with-dsym";
				ENABLE_NS_ASSERTIONS = NO;
				ENABLE_STRICT_OBJC_MSGSEND = YES;
				GCC_C_LANGUAGE_STANDARD = gnu11;
				GCC_NO_COMMON_BLOCKS = YES;
				GCC_WARN_64_TO_32_BIT_CONVERSION = YES;
				GCC_WARN_ABOUT_RETURN_TYPE = YES_ERROR;
				GCC_WARN_UNDECLARED_SELECTOR = YES;
				GCC_WARN_UNINITIALIZED_AUTOS = YES_AGGRESSIVE;
				GCC_WARN_UNUSED_FUNCTION = YES;
				GCC_WARN_UNUSED_VARIABLE = YES;
				IPHONEOS_DEPLOYMENT_TARGET = 13.5;
				MTL_ENABLE_DEBUG_INFO = NO;
				MTL_FAST_MATH = YES;
				SDKROOT = iphoneos;
				SWIFT_COMPILATION_MODE = wholemodule;
				SWIFT_OPTIMIZATION_LEVEL = "-O";
				VALIDATE_PRODUCT = YES;
			};
			name = Release;
		};
		841EB98024985508005FE9E1 /* Debug */ = {
			isa = XCBuildConfiguration;
			buildSettings = {
				ASSETCATALOG_COMPILER_APPICON_NAME = AppIcon;
				CODE_SIGN_STYLE = Automatic;
				INFOPLIST_FILE = "youtube-onedaybuild/Info.plist";
				IPHONEOS_DEPLOYMENT_TARGET = 13.0;
				LD_RUNPATH_SEARCH_PATHS = (
					"$(inherited)",
					"@executable_path/Frameworks",
				);
				PRODUCT_BUNDLE_IDENTIFIER = "com.wkdj.com.youtube-onedaybuild";
				PRODUCT_NAME = "$(TARGET_NAME)";
				SWIFT_VERSION = 5.0;
				TARGETED_DEVICE_FAMILY = 1;
			};
			name = Debug;
		};
		841EB98124985508005FE9E1 /* Release */ = {
			isa = XCBuildConfiguration;
			buildSettings = {
				ASSETCATALOG_COMPILER_APPICON_NAME = AppIcon;
				CODE_SIGN_STYLE = Automatic;
				INFOPLIST_FILE = "youtube-onedaybuild/Info.plist";
				IPHONEOS_DEPLOYMENT_TARGET = 13.0;
				LD_RUNPATH_SEARCH_PATHS = (
					"$(inherited)",
					"@executable_path/Frameworks",
				);
				PRODUCT_BUNDLE_IDENTIFIER = "com.wkdj.com.youtube-onedaybuild";
				PRODUCT_NAME = "$(TARGET_NAME)";
				SWIFT_VERSION = 5.0;
				TARGETED_DEVICE_FAMILY = 1;
			};
			name = Release;
		};
		841EB98324985508005FE9E1 /* Debug */ = {
			isa = XCBuildConfiguration;
			buildSettings = {
				ALWAYS_EMBED_SWIFT_STANDARD_LIBRARIES = YES;
				BUNDLE_LOADER = "$(TEST_HOST)";
				CODE_SIGN_STYLE = Automatic;
				INFOPLIST_FILE = "youtube-onedaybuildTests/Info.plist";
				IPHONEOS_DEPLOYMENT_TARGET = 13.5;
				LD_RUNPATH_SEARCH_PATHS = (
					"$(inherited)",
					"@executable_path/Frameworks",
					"@loader_path/Frameworks",
				);
				PRODUCT_BUNDLE_IDENTIFIER = "com.wkdj.com.youtube-onedaybuildTests";
				PRODUCT_NAME = "$(TARGET_NAME)";
				SWIFT_VERSION = 5.0;
				TARGETED_DEVICE_FAMILY = "1,2";
				TEST_HOST = "$(BUILT_PRODUCTS_DIR)/youtube-onedaybuild.app/youtube-onedaybuild";
			};
			name = Debug;
		};
		841EB98424985508005FE9E1 /* Release */ = {
			isa = XCBuildConfiguration;
			buildSettings = {
				ALWAYS_EMBED_SWIFT_STANDARD_LIBRARIES = YES;
				BUNDLE_LOADER = "$(TEST_HOST)";
				CODE_SIGN_STYLE = Automatic;
				INFOPLIST_FILE = "youtube-onedaybuildTests/Info.plist";
				IPHONEOS_DEPLOYMENT_TARGET = 13.5;
				LD_RUNPATH_SEARCH_PATHS = (
					"$(inherited)",
					"@executable_path/Frameworks",
					"@loader_path/Frameworks",
				);
				PRODUCT_BUNDLE_IDENTIFIER = "com.wkdj.com.youtube-onedaybuildTests";
				PRODUCT_NAME = "$(TARGET_NAME)";
				SWIFT_VERSION = 5.0;
				TARGETED_DEVICE_FAMILY = "1,2";
				TEST_HOST = "$(BUILT_PRODUCTS_DIR)/youtube-onedaybuild.app/youtube-onedaybuild";
			};
			name = Release;
		};
		841EB98624985508005FE9E1 /* Debug */ = {
			isa = XCBuildConfiguration;
			buildSettings = {
				ALWAYS_EMBED_SWIFT_STANDARD_LIBRARIES = YES;
				CODE_SIGN_STYLE = Automatic;
				INFOPLIST_FILE = "youtube-onedaybuildUITests/Info.plist";
				LD_RUNPATH_SEARCH_PATHS = (
					"$(inherited)",
					"@executable_path/Frameworks",
					"@loader_path/Frameworks",
				);
				PRODUCT_BUNDLE_IDENTIFIER = "com.wkdj.com.youtube-onedaybuildUITests";
				PRODUCT_NAME = "$(TARGET_NAME)";
				SWIFT_VERSION = 5.0;
				TARGETED_DEVICE_FAMILY = "1,2";
				TEST_TARGET_NAME = "youtube-onedaybuild";
			};
			name = Debug;
		};
		841EB98724985508005FE9E1 /* Release */ = {
			isa = XCBuildConfiguration;
			buildSettings = {
				ALWAYS_EMBED_SWIFT_STANDARD_LIBRARIES = YES;
				CODE_SIGN_STYLE = Automatic;
				INFOPLIST_FILE = "youtube-onedaybuildUITests/Info.plist";
				LD_RUNPATH_SEARCH_PATHS = (
					"$(inherited)",
					"@executable_path/Frameworks",
					"@loader_path/Frameworks",
				);
				PRODUCT_BUNDLE_IDENTIFIER = "com.wkdj.com.youtube-onedaybuildUITests";
				PRODUCT_NAME = "$(TARGET_NAME)";
				SWIFT_VERSION = 5.0;
				TARGETED_DEVICE_FAMILY = "1,2";
				TEST_TARGET_NAME = "youtube-onedaybuild";
			};
			name = Release;
		};
/* End XCBuildConfiguration section */

/* Begin XCConfigurationList section */
		841EB95024985503005FE9E1 /* Build configuration list for PBXProject "youtube-onedaybuild" */ = {
			isa = XCConfigurationList;
			buildConfigurations = (
				841EB97D24985508005FE9E1 /* Debug */,
				841EB97E24985508005FE9E1 /* Release */,
			);
			defaultConfigurationIsVisible = 0;
			defaultConfigurationName = Release;
		};
		841EB97F24985508005FE9E1 /* Build configuration list for PBXNativeTarget "youtube-onedaybuild" */ = {
			isa = XCConfigurationList;
			buildConfigurations = (
				841EB98024985508005FE9E1 /* Debug */,
				841EB98124985508005FE9E1 /* Release */,
			);
			defaultConfigurationIsVisible = 0;
			defaultConfigurationName = Release;
		};
		841EB98224985508005FE9E1 /* Build configuration list for PBXNativeTarget "youtube-onedaybuildTests" */ = {
			isa = XCConfigurationList;
			buildConfigurations = (
				841EB98324985508005FE9E1 /* Debug */,
				841EB98424985508005FE9E1 /* Release */,
			);
			defaultConfigurationIsVisible = 0;
			defaultConfigurationName = Release;
		};
		841EB98524985508005FE9E1 /* Build configuration list for PBXNativeTarget "youtube-onedaybuildUITests" */ = {
			isa = XCConfigurationList;
			buildConfigurations = (
				841EB98624985508005FE9E1 /* Debug */,
				841EB98724985508005FE9E1 /* Release */,
			);
			defaultConfigurationIsVisible = 0;
			defaultConfigurationName = Release;
		};
/* End XCConfigurationList section */
	};
	rootObject = 841EB94D24985503005FE9E1 /* Project object */;
}
